// !$*UTF8*$!
{
	archiveVersion = 1;
	classes = {
	};
	objectVersion = 56;
	objects = {

/* Begin PBXBuildFile section */
		9B3256A24AA64F3CDA65326A /* Pods_InManageRatingSDKExample.framework in Frameworks */ = {isa = PBXBuildFile; fileRef = 213D1AAC5B4BDB13ACB95797 /* Pods_InManageRatingSDKExample.framework */; };
		C75CCDF0297C612900D03264 /* AppDelegate.swift in Sources */ = {isa = PBXBuildFile; fileRef = C75CCDEF297C612900D03264 /* AppDelegate.swift */; };
		C75CCDF4297C612900D03264 /* ViewController.swift in Sources */ = {isa = PBXBuildFile; fileRef = C75CCDF3297C612900D03264 /* ViewController.swift */; };
		C75CCDF7297C612900D03264 /* Main.storyboard in Resources */ = {isa = PBXBuildFile; fileRef = C75CCDF5297C612900D03264 /* Main.storyboard */; };
		C75CCDF9297C612A00D03264 /* Assets.xcassets in Resources */ = {isa = PBXBuildFile; fileRef = C75CCDF8297C612A00D03264 /* Assets.xcassets */; };
		C75CCDFC297C612A00D03264 /* LaunchScreen.storyboard in Resources */ = {isa = PBXBuildFile; fileRef = C75CCDFA297C612A00D03264 /* LaunchScreen.storyboard */; };
		C75CCE35297D22C000D03264 /* InManageRatingSDK.framework in Frameworks */ = {isa = PBXBuildFile; fileRef = C75CCE34297D22C000D03264 /* InManageRatingSDK.framework */; };
		C75CCE36297D22C000D03264 /* InManageRatingSDK.framework in Embed Frameworks */ = {isa = PBXBuildFile; fileRef = C75CCE34297D22C000D03264 /* InManageRatingSDK.framework */; settings = {ATTRIBUTES = (CodeSignOnCopy, RemoveHeadersOnCopy, ); }; };
/* End PBXBuildFile section */

/* Begin PBXCopyFilesBuildPhase section */
		C75CCE37297D22C000D03264 /* Embed Frameworks */ = {
			isa = PBXCopyFilesBuildPhase;
			buildActionMask = 2147483647;
			dstPath = "";
			dstSubfolderSpec = 10;
			files = (
				C75CCE36297D22C000D03264 /* InManageRatingSDK.framework in Embed Frameworks */,
			);
			name = "Embed Frameworks";
			runOnlyForDeploymentPostprocessing = 0;
		};
/* End PBXCopyFilesBuildPhase section */

/* Begin PBXFileReference section */
		213D1AAC5B4BDB13ACB95797 /* Pods_InManageRatingSDKExample.framework */ = {isa = PBXFileReference; explicitFileType = wrapper.framework; includeInIndex = 0; path = Pods_InManageRatingSDKExample.framework; sourceTree = BUILT_PRODUCTS_DIR; };
		A8955BFAF0623D4EF276A981 /* Pods-InManageRatingSDKExample.release.xcconfig */ = {isa = PBXFileReference; includeInIndex = 1; lastKnownFileType = text.xcconfig; name = "Pods-InManageRatingSDKExample.release.xcconfig"; path = "Target Support Files/Pods-InManageRatingSDKExample/Pods-InManageRatingSDKExample.release.xcconfig"; sourceTree = "<group>"; };
		ACFAE70F7540BFC1A6AE5233 /* Pods-InManageRatingSDKExample.debug.xcconfig */ = {isa = PBXFileReference; includeInIndex = 1; lastKnownFileType = text.xcconfig; name = "Pods-InManageRatingSDKExample.debug.xcconfig"; path = "Target Support Files/Pods-InManageRatingSDKExample/Pods-InManageRatingSDKExample.debug.xcconfig"; sourceTree = "<group>"; };
		C75CCDEC297C612900D03264 /* InManageRatingSDKExample.app */ = {isa = PBXFileReference; explicitFileType = wrapper.application; includeInIndex = 0; path = InManageRatingSDKExample.app; sourceTree = BUILT_PRODUCTS_DIR; };
		C75CCDEF297C612900D03264 /* AppDelegate.swift */ = {isa = PBXFileReference; lastKnownFileType = sourcecode.swift; path = AppDelegate.swift; sourceTree = "<group>"; };
		C75CCDF3297C612900D03264 /* ViewController.swift */ = {isa = PBXFileReference; lastKnownFileType = sourcecode.swift; path = ViewController.swift; sourceTree = "<group>"; };
		C75CCDF6297C612900D03264 /* Base */ = {isa = PBXFileReference; lastKnownFileType = file.storyboard; name = Base; path = Base.lproj/Main.storyboard; sourceTree = "<group>"; };
		C75CCDF8297C612A00D03264 /* Assets.xcassets */ = {isa = PBXFileReference; lastKnownFileType = folder.assetcatalog; path = Assets.xcassets; sourceTree = "<group>"; };
		C75CCDFB297C612A00D03264 /* Base */ = {isa = PBXFileReference; lastKnownFileType = file.storyboard; name = Base; path = Base.lproj/LaunchScreen.storyboard; sourceTree = "<group>"; };
		C75CCDFD297C612A00D03264 /* Info.plist */ = {isa = PBXFileReference; lastKnownFileType = text.plist.xml; path = Info.plist; sourceTree = "<group>"; };
		C75CCE34297D22C000D03264 /* InManageRatingSDK.framework */ = {isa = PBXFileReference; explicitFileType = wrapper.framework; path = InManageRatingSDK.framework; sourceTree = BUILT_PRODUCTS_DIR; };
/* End PBXFileReference section */

/* Begin PBXFrameworksBuildPhase section */
		C75CCDE9297C612900D03264 /* Frameworks */ = {
			isa = PBXFrameworksBuildPhase;
			buildActionMask = 2147483647;
			files = (
				C75CCE35297D22C000D03264 /* InManageRatingSDK.framework in Frameworks */,
				9B3256A24AA64F3CDA65326A /* Pods_InManageRatingSDKExample.framework in Frameworks */,
			);
			runOnlyForDeploymentPostprocessing = 0;
		};
/* End PBXFrameworksBuildPhase section */

/* Begin PBXGroup section */
		316FA8E58198EA5EB974E5C0 /* Frameworks */ = {
			isa = PBXGroup;
			children = (
				C75CCE34297D22C000D03264 /* InManageRatingSDK.framework */,
				213D1AAC5B4BDB13ACB95797 /* Pods_InManageRatingSDKExample.framework */,
			);
			name = Frameworks;
			sourceTree = "<group>";
		};
		9E0DF9149D0DA7BCCBDBC8AD /* Pods */ = {
			isa = PBXGroup;
			children = (
				ACFAE70F7540BFC1A6AE5233 /* Pods-InManageRatingSDKExample.debug.xcconfig */,
				A8955BFAF0623D4EF276A981 /* Pods-InManageRatingSDKExample.release.xcconfig */,
			);
			path = Pods;
			sourceTree = "<group>";
		};
		C75CCDE3297C612900D03264 = {
			isa = PBXGroup;
			children = (
				C75CCDEE297C612900D03264 /* InManageRatingSDKExample */,
				C75CCDED297C612900D03264 /* Products */,
				9E0DF9149D0DA7BCCBDBC8AD /* Pods */,
				316FA8E58198EA5EB974E5C0 /* Frameworks */,
			);
			sourceTree = "<group>";
		};
		C75CCDED297C612900D03264 /* Products */ = {
			isa = PBXGroup;
			children = (
				C75CCDEC297C612900D03264 /* InManageRatingSDKExample.app */,
			);
			name = Products;
			sourceTree = "<group>";
		};
		C75CCDEE297C612900D03264 /* InManageRatingSDKExample */ = {
			isa = PBXGroup;
			children = (
				C75CCDEF297C612900D03264 /* AppDelegate.swift */,
				C75CCDF3297C612900D03264 /* ViewController.swift */,
				C75CCDF5297C612900D03264 /* Main.storyboard */,
				C75CCDF8297C612A00D03264 /* Assets.xcassets */,
				C75CCDFA297C612A00D03264 /* LaunchScreen.storyboard */,
				C75CCDFD297C612A00D03264 /* Info.plist */,
			);
			path = InManageRatingSDKExample;
			sourceTree = "<group>";
		};
/* End PBXGroup section */

/* Begin PBXNativeTarget section */
		C75CCDEB297C612900D03264 /* InManageRatingSDKExample */ = {
			isa = PBXNativeTarget;
			buildConfigurationList = C75CCE00297C612A00D03264 /* Build configuration list for PBXNativeTarget "InManageRatingSDKExample" */;
			buildPhases = (
				9B9CF1CDB097324190773767 /* [CP] Check Pods Manifest.lock */,
				C75CCDE8297C612900D03264 /* Sources */,
				C75CCDE9297C612900D03264 /* Frameworks */,
				C75CCDEA297C612900D03264 /* Resources */,
				385C20E330EA36753E96AB62 /* [CP] Embed Pods Frameworks */,
				C75CCE37297D22C000D03264 /* Embed Frameworks */,
			);
			buildRules = (
			);
			dependencies = (
			);
			name = InManageRatingSDKExample;
			productName = InManageRatingSDKExample;
			productReference = C75CCDEC297C612900D03264 /* InManageRatingSDKExample.app */;
			productType = "com.apple.product-type.application";
		};
/* End PBXNativeTarget section */

/* Begin PBXProject section */
		C75CCDE4297C612900D03264 /* Project object */ = {
			isa = PBXProject;
			attributes = {
				BuildIndependentTargetsInParallel = 1;
				LastSwiftUpdateCheck = 1420;
				LastUpgradeCheck = 1420;
				TargetAttributes = {
					C75CCDEB297C612900D03264 = {
						CreatedOnToolsVersion = 14.2;
					};
				};
			};
			buildConfigurationList = C75CCDE7297C612900D03264 /* Build configuration list for PBXProject "InManageRatingSDKExample" */;
			compatibilityVersion = "Xcode 14.0";
			developmentRegion = en;
			hasScannedForEncodings = 0;
			knownRegions = (
				en,
				Base,
			);
			mainGroup = C75CCDE3297C612900D03264;
			productRefGroup = C75CCDED297C612900D03264 /* Products */;
			projectDirPath = "";
			projectRoot = "";
			targets = (
				C75CCDEB297C612900D03264 /* InManageRatingSDKExample */,
			);
		};
/* End PBXProject section */

/* Begin PBXResourcesBuildPhase section */
		C75CCDEA297C612900D03264 /* Resources */ = {
			isa = PBXResourcesBuildPhase;
			buildActionMask = 2147483647;
			files = (
				C75CCDFC297C612A00D03264 /* LaunchScreen.storyboard in Resources */,
				C75CCDF9297C612A00D03264 /* Assets.xcassets in Resources */,
				C75CCDF7297C612900D03264 /* Main.storyboard in Resources */,
			);
			runOnlyForDeploymentPostprocessing = 0;
		};
/* End PBXResourcesBuildPhase section */

/* Begin PBXShellScriptBuildPhase section */
		385C20E330EA36753E96AB62 /* [CP] Embed Pods Frameworks */ = {
			isa = PBXShellScriptBuildPhase;
			buildActionMask = 2147483647;
			files = (
			);
			inputFileListPaths = (
				"${PODS_ROOT}/Target Support Files/Pods-InManageRatingSDKExample/Pods-InManageRatingSDKExample-frameworks-${CONFIGURATION}-input-files.xcfilelist",
			);
			name = "[CP] Embed Pods Frameworks";
			outputFileListPaths = (
				"${PODS_ROOT}/Target Support Files/Pods-InManageRatingSDKExample/Pods-InManageRatingSDKExample-frameworks-${CONFIGURATION}-output-files.xcfilelist",
			);
			runOnlyForDeploymentPostprocessing = 0;
			shellPath = /bin/sh;
			shellScript = "\"${PODS_ROOT}/Target Support Files/Pods-InManageRatingSDKExample/Pods-InManageRatingSDKExample-frameworks.sh\"\n";
			showEnvVarsInLog = 0;
		};
		9B9CF1CDB097324190773767 /* [CP] Check Pods Manifest.lock */ = {
			isa = PBXShellScriptBuildPhase;
			buildActionMask = 2147483647;
			files = (
			);
			inputFileListPaths = (
			);
			inputPaths = (
				"${PODS_PODFILE_DIR_PATH}/Podfile.lock",
				"${PODS_ROOT}/Manifest.lock",
			);
			name = "[CP] Check Pods Manifest.lock";
			outputFileListPaths = (
			);
			outputPaths = (
				"$(DERIVED_FILE_DIR)/Pods-InManageRatingSDKExample-checkManifestLockResult.txt",
			);
			runOnlyForDeploymentPostprocessing = 0;
			shellPath = /bin/sh;
			shellScript = "diff \"${PODS_PODFILE_DIR_PATH}/Podfile.lock\" \"${PODS_ROOT}/Manifest.lock\" > /dev/null\nif [ $? != 0 ] ; then\n    # print error to STDERR\n    echo \"error: The sandbox is not in sync with the Podfile.lock. Run 'pod install' or update your CocoaPods installation.\" >&2\n    exit 1\nfi\n# This output is used by Xcode 'outputs' to avoid re-running this script phase.\necho \"SUCCESS\" > \"${SCRIPT_OUTPUT_FILE_0}\"\n";
			showEnvVarsInLog = 0;
		};
/* End PBXShellScriptBuildPhase section */

/* Begin PBXSourcesBuildPhase section */
		C75CCDE8297C612900D03264 /* Sources */ = {
			isa = PBXSourcesBuildPhase;
			buildActionMask = 2147483647;
			files = (
				C75CCDF4297C612900D03264 /* ViewController.swift in Sources */,
				C75CCDF0297C612900D03264 /* AppDelegate.swift in Sources */,
			);
			runOnlyForDeploymentPostprocessing = 0;
		};
/* End PBXSourcesBuildPhase section */

/* Begin PBXVariantGroup section */
		C75CCDF5297C612900D03264 /* Main.storyboard */ = {
			isa = PBXVariantGroup;
			children = (
				C75CCDF6297C612900D03264 /* Base */,
			);
			name = Main.storyboard;
			sourceTree = "<group>";
		};
		C75CCDFA297C612A00D03264 /* LaunchScreen.storyboard */ = {
			isa = PBXVariantGroup;
			children = (
				C75CCDFB297C612A00D03264 /* Base */,
			);
			name = LaunchScreen.storyboard;
			sourceTree = "<group>";
		};
/* End PBXVariantGroup section */

/* Begin XCBuildConfiguration section */
		C75CCDFE297C612A00D03264 /* Debug */ = {
			isa = XCBuildConfiguration;
			buildSettings = {
				ALWAYS_SEARCH_USER_PATHS = NO;
				CLANG_ANALYZER_NONNULL = YES;
				CLANG_ANALYZER_NUMBER_OBJECT_CONVERSION = YES_AGGRESSIVE;
				CLANG_CXX_LANGUAGE_STANDARD = "gnu++20";
				CLANG_ENABLE_MODULES = YES;
				CLANG_ENABLE_OBJC_ARC = YES;
				CLANG_ENABLE_OBJC_WEAK = YES;
				CLANG_WARN_BLOCK_CAPTURE_AUTORELEASING = YES;
				CLANG_WARN_BOOL_CONVERSION = YES;
				CLANG_WARN_COMMA = YES;
				CLANG_WARN_CONSTANT_CONVERSION = YES;
				CLANG_WARN_DEPRECATED_OBJC_IMPLEMENTATIONS = YES;
				CLANG_WARN_DIRECT_OBJC_ISA_USAGE = YES_ERROR;
				CLANG_WARN_DOCUMENTATION_COMMENTS = YES;
				CLANG_WARN_EMPTY_BODY = YES;
				CLANG_WARN_ENUM_CONVERSION = YES;
				CLANG_WARN_INFINITE_RECURSION = YES;
				CLANG_WARN_INT_CONVERSION = YES;
				CLANG_WARN_NON_LITERAL_NULL_CONVERSION = YES;
				CLANG_WARN_OBJC_IMPLICIT_RETAIN_SELF = YES;
				CLANG_WARN_OBJC_LITERAL_CONVERSION = YES;
				CLANG_WARN_OBJC_ROOT_CLASS = YES_ERROR;
				CLANG_WARN_QUOTED_INCLUDE_IN_FRAMEWORK_HEADER = YES;
				CLANG_WARN_RANGE_LOOP_ANALYSIS = YES;
				CLANG_WARN_STRICT_PROTOTYPES = YES;
				CLANG_WARN_SUSPICIOUS_MOVE = YES;
				CLANG_WARN_UNGUARDED_AVAILABILITY = YES_AGGRESSIVE;
				CLANG_WARN_UNREACHABLE_CODE = YES;
				CLANG_WARN__DUPLICATE_METHOD_MATCH = YES;
				COPY_PHASE_STRIP = NO;
				DEBUG_INFORMATION_FORMAT = dwarf;
				ENABLE_STRICT_OBJC_MSGSEND = YES;
				ENABLE_TESTABILITY = YES;
				GCC_C_LANGUAGE_STANDARD = gnu11;
				GCC_DYNAMIC_NO_PIC = NO;
				GCC_NO_COMMON_BLOCKS = YES;
				GCC_OPTIMIZATION_LEVEL = 0;
				GCC_PREPROCESSOR_DEFINITIONS = (
					"DEBUG=1",
					"$(inherited)",
				);
				GCC_WARN_64_TO_32_BIT_CONVERSION = YES;
				GCC_WARN_ABOUT_RETURN_TYPE = YES_ERROR;
				GCC_WARN_UNDECLARED_SELECTOR = YES;
				GCC_WARN_UNINITIALIZED_AUTOS = YES_AGGRESSIVE;
				GCC_WARN_UNUSED_FUNCTION = YES;
				GCC_WARN_UNUSED_VARIABLE = YES;
				IPHONEOS_DEPLOYMENT_TARGET = 13.0;
				MTL_ENABLE_DEBUG_INFO = INCLUDE_SOURCE;
				MTL_FAST_MATH = YES;
				ONLY_ACTIVE_ARCH = YES;
				SDKROOT = iphoneos;
				SWIFT_ACTIVE_COMPILATION_CONDITIONS = DEBUG;
				SWIFT_OPTIMIZATION_LEVEL = "-Onone";
			};
			name = Debug;
		};
		C75CCDFF297C612A00D03264 /* Release */ = {
			isa = XCBuildConfiguration;
			buildSettings = {
				ALWAYS_SEARCH_USER_PATHS = NO;
				CLANG_ANALYZER_NONNULL = YES;
				CLANG_ANALYZER_NUMBER_OBJECT_CONVERSION = YES_AGGRESSIVE;
				CLANG_CXX_LANGUAGE_STANDARD = "gnu++20";
				CLANG_ENABLE_MODULES = YES;
				CLANG_ENABLE_OBJC_ARC = YES;
				CLANG_ENABLE_OBJC_WEAK = YES;
				CLANG_WARN_BLOCK_CAPTURE_AUTORELEASING = YES;
				CLANG_WARN_BOOL_CONVERSION = YES;
				CLANG_WARN_COMMA = YES;
				CLANG_WARN_CONSTANT_CONVERSION = YES;
				CLANG_WARN_DEPRECATED_OBJC_IMPLEMENTATIONS = YES;
				CLANG_WARN_DIRECT_OBJC_ISA_USAGE = YES_ERROR;
				CLANG_WARN_DOCUMENTATION_COMMENTS = YES;
				CLANG_WARN_EMPTY_BODY = YES;
				CLANG_WARN_ENUM_CONVERSION = YES;
				CLANG_WARN_INFINITE_RECURSION = YES;
				CLANG_WARN_INT_CONVERSION = YES;
				CLANG_WARN_NON_LITERAL_NULL_CONVERSION = YES;
				CLANG_WARN_OBJC_IMPLICIT_RETAIN_SELF = YES;
				CLANG_WARN_OBJC_LITERAL_CONVERSION = YES;
				CLANG_WARN_OBJC_ROOT_CLASS = YES_ERROR;
				CLANG_WARN_QUOTED_INCLUDE_IN_FRAMEWORK_HEADER = YES;
				CLANG_WARN_RANGE_LOOP_ANALYSIS = YES;
				CLANG_WARN_STRICT_PROTOTYPES = YES;
				CLANG_WARN_SUSPICIOUS_MOVE = YES;
				CLANG_WARN_UNGUARDED_AVAILABILITY = YES_AGGRESSIVE;
				CLANG_WARN_UNREACHABLE_CODE = YES;
				CLANG_WARN__DUPLICATE_METHOD_MATCH = YES;
				COPY_PHASE_STRIP = NO;
				DEBUG_INFORMATION_FORMAT = "dwarf-with-dsym";
				ENABLE_NS_ASSERTIONS = NO;
				ENABLE_STRICT_OBJC_MSGSEND = YES;
				GCC_C_LANGUAGE_STANDARD = gnu11;
				GCC_NO_COMMON_BLOCKS = YES;
				GCC_WARN_64_TO_32_BIT_CONVERSION = YES;
				GCC_WARN_ABOUT_RETURN_TYPE = YES_ERROR;
				GCC_WARN_UNDECLARED_SELECTOR = YES;
				GCC_WARN_UNINITIALIZED_AUTOS = YES_AGGRESSIVE;
				GCC_WARN_UNUSED_FUNCTION = YES;
				GCC_WARN_UNUSED_VARIABLE = YES;
				IPHONEOS_DEPLOYMENT_TARGET = 13.0;
				MTL_ENABLE_DEBUG_INFO = NO;
				MTL_FAST_MATH = YES;
				SDKROOT = iphoneos;
				SWIFT_COMPILATION_MODE = wholemodule;
				SWIFT_OPTIMIZATION_LEVEL = "-O";
				VALIDATE_PRODUCT = YES;
			};
			name = Release;
		};
		C75CCE01297C612A00D03264 /* Debug */ = {
			isa = XCBuildConfiguration;
			baseConfigurationReference = ACFAE70F7540BFC1A6AE5233 /* Pods-InManageRatingSDKExample.debug.xcconfig */;
			buildSettings = {
				ASSETCATALOG_COMPILER_APPICON_NAME = AppIcon;
				ASSETCATALOG_COMPILER_GLOBAL_ACCENT_COLOR_NAME = AccentColor;
				CODE_SIGN_STYLE = Automatic;
				CURRENT_PROJECT_VERSION = 1;
				DEVELOPMENT_TEAM = ZW9DGWZF4V;
				GENERATE_INFOPLIST_FILE = YES;
				INFOPLIST_FILE = InManageRatingSDKExample/Info.plist;
				INFOPLIST_KEY_UIApplicationSupportsIndirectInputEvents = YES;
				INFOPLIST_KEY_UILaunchStoryboardName = LaunchScreen;
				INFOPLIST_KEY_UIMainStoryboardFile = Main;
				INFOPLIST_KEY_UISupportedInterfaceOrientations_iPad = "UIInterfaceOrientationPortrait UIInterfaceOrientationPortraitUpsideDown UIInterfaceOrientationLandscapeLeft UIInterfaceOrientationLandscapeRight";
				INFOPLIST_KEY_UISupportedInterfaceOrientations_iPhone = "UIInterfaceOrientationPortrait UIInterfaceOrientationLandscapeLeft UIInterfaceOrientationLandscapeRight";
				IPHONEOS_DEPLOYMENT_TARGET = 13.0;
				LD_RUNPATH_SEARCH_PATHS = (
					"$(inherited)",
					"@executable_path/Frameworks",
				);
				MARKETING_VERSION = 1.0;
				PRODUCT_BUNDLE_IDENTIFIER = com.inmanage.InManageRatingSDKExample;
				PRODUCT_NAME = "$(TARGET_NAME)";
				SUPPORTED_PLATFORMS = "iphoneos iphonesimulator";
				SUPPORTS_MACCATALYST = NO;
				SUPPORTS_MAC_DESIGNED_FOR_IPHONE_IPAD = NO;
				SWIFT_EMIT_LOC_STRINGS = YES;
				SWIFT_VERSION = 5.0;
				TARGETED_DEVICE_FAMILY = 1;
			};
			name = Debug;
		};
		C75CCE02297C612A00D03264 /* Release */ = {
			isa = XCBuildConfiguration;
			baseConfigurationReference = A8955BFAF0623D4EF276A981 /* Pods-InManageRatingSDKExample.release.xcconfig */;
			buildSettings = {
				ASSETCATALOG_COMPILER_APPICON_NAME = AppIcon;
				ASSETCATALOG_COMPILER_GLOBAL_ACCENT_COLOR_NAME = AccentColor;
				CODE_SIGN_STYLE = Automatic;
				CURRENT_PROJECT_VERSION = 1;
				DEVELOPMENT_TEAM = ZW9DGWZF4V;
				GENERATE_INFOPLIST_FILE = YES;
				INFOPLIST_FILE = InManageRatingSDKExample/Info.plist;
				INFOPLIST_KEY_UIApplicationSupportsIndirectInputEvents = YES;
				INFOPLIST_KEY_UILaunchStoryboardName = LaunchScreen;
				INFOPLIST_KEY_UIMainStoryboardFile = Main;
				INFOPLIST_KEY_UISupportedInterfaceOrientations_iPad = "UIInterfaceOrientationPortrait UIInterfaceOrientationPortraitUpsideDown UIInterfaceOrientationLandscapeLeft UIInterfaceOrientationLandscapeRight";
				INFOPLIST_KEY_UISupportedInterfaceOrientations_iPhone = "UIInterfaceOrientationPortrait UIInterfaceOrientationLandscapeLeft UIInterfaceOrientationLandscapeRight";
				IPHONEOS_DEPLOYMENT_TARGET = 13.0;
				LD_RUNPATH_SEARCH_PATHS = (
					"$(inherited)",
					"@executable_path/Frameworks",
				);
				MARKETING_VERSION = 1.0;
				PRODUCT_BUNDLE_IDENTIFIER = com.inmanage.InManageRatingSDKExample;
				PRODUCT_NAME = "$(TARGET_NAME)";
				SUPPORTED_PLATFORMS = "iphoneos iphonesimulator";
				SUPPORTS_MACCATALYST = NO;
				SUPPORTS_MAC_DESIGNED_FOR_IPHONE_IPAD = NO;
				SWIFT_EMIT_LOC_STRINGS = YES;
				SWIFT_VERSION = 5.0;
				TARGETED_DEVICE_FAMILY = 1;
			};
			name = Release;
		};
/* End XCBuildConfiguration section */

/* Begin XCConfigurationList section */
		C75CCDE7297C612900D03264 /* Build configuration list for PBXProject "InManageRatingSDKExample" */ = {
			isa = XCConfigurationList;
			buildConfigurations = (
				C75CCDFE297C612A00D03264 /* Debug */,
				C75CCDFF297C612A00D03264 /* Release */,
			);
			defaultConfigurationIsVisible = 0;
			defaultConfigurationName = Release;
		};
		C75CCE00297C612A00D03264 /* Build configuration list for PBXNativeTarget "InManageRatingSDKExample" */ = {
			isa = XCConfigurationList;
			buildConfigurations = (
				C75CCE01297C612A00D03264 /* Debug */,
				C75CCE02297C612A00D03264 /* Release */,
			);
			defaultConfigurationIsVisible = 0;
			defaultConfigurationName = Release;
		};
/* End XCConfigurationList section */
	};
	rootObject = C75CCDE4297C612900D03264 /* Project object */;
}
