// !$*UTF8*$!
{
	archiveVersion = 1;
	classes = {
	};
	objectVersion = 56;
	objects = {

/* Begin PBXBuildFile section */
		C71A12712B0B89B60004A2EF /* SimplerPro-Regular.ttf in Resources */ = {isa = PBXBuildFile; fileRef = C71A126F2B0B89B10004A2EF /* SimplerPro-Regular.ttf */; };
		C71A12722B0B89B90004A2EF /* SimplerPro-Bold.ttf in Resources */ = {isa = PBXBuildFile; fileRef = C71A126E2B0B89B10004A2EF /* SimplerPro-Bold.ttf */; };
		C71A12732B0B89BB0004A2EF /* SimplerPro-Black.ttf in Resources */ = {isa = PBXBuildFile; fileRef = C71A12702B0B89B10004A2EF /* SimplerPro-Black.ttf */; };
		C72CDBCE299E601F008D38EE /* RateWithCommentModel.swift in Sources */ = {isa = PBXBuildFile; fileRef = C72CDBCA299E601F008D38EE /* RateWithCommentModel.swift */; };
		C72CDBCF299E601F008D38EE /* RateWithCommentViewModel.swift in Sources */ = {isa = PBXBuildFile; fileRef = C72CDBCB299E601F008D38EE /* RateWithCommentViewModel.swift */; };
		C72CDBD0299E601F008D38EE /* RateWithCommentViewController.swift in Sources */ = {isa = PBXBuildFile; fileRef = C72CDBCC299E601F008D38EE /* RateWithCommentViewController.swift */; };
		C72CDBD3299E603C008D38EE /* RateWithCommentViewController.xib in Resources */ = {isa = PBXBuildFile; fileRef = C72CDBD2299E603C008D38EE /* RateWithCommentViewController.xib */; };
		C72CDBD5299E9BEB008D38EE /* UITextViewExtenstion.swift in Sources */ = {isa = PBXBuildFile; fileRef = C72CDBD4299E9BEB008D38EE /* UITextViewExtenstion.swift */; };
		C72CDBD829A1FD2B008D38EE /* RateUsFields.swift in Sources */ = {isa = PBXBuildFile; fileRef = C72CDBD729A1FD2B008D38EE /* RateUsFields.swift */; };
		C72CDBDA29A1FFFC008D38EE /* RateWithCommentFields.swift in Sources */ = {isa = PBXBuildFile; fileRef = C72CDBD929A1FFFC008D38EE /* RateWithCommentFields.swift */; };
		C72CDBDC29A20015008D38EE /* ThanksForRatingFields.swift in Sources */ = {isa = PBXBuildFile; fileRef = C72CDBDB29A20015008D38EE /* ThanksForRatingFields.swift */; };
		C72CDBDE29A20021008D38EE /* RateInAppstoreFields.swift in Sources */ = {isa = PBXBuildFile; fileRef = C72CDBDD29A20020008D38EE /* RateInAppstoreFields.swift */; };
		C75CCE25297C62BC00D03264 /* InManageRatingSDK.h in Headers */ = {isa = PBXBuildFile; fileRef = C75CCE24297C62BC00D03264 /* InManageRatingSDK.h */; settings = {ATTRIBUTES = (Public, ); }; };
		C75CCE2F297C674B00D03264 /* InmanageDelegate.swift in Sources */ = {isa = PBXBuildFile; fileRef = C75CCE2E297C674B00D03264 /* InmanageDelegate.swift */; };
		C75CCE31297C679400D03264 /* Constants.swift in Sources */ = {isa = PBXBuildFile; fileRef = C75CCE30297C679400D03264 /* Constants.swift */; };
		C75CCE33297C67CD00D03264 /* InManageRating.swift in Sources */ = {isa = PBXBuildFile; fileRef = C75CCE32297C67CD00D03264 /* InManageRating.swift */; };
		C770C3202994D3B90053AA19 /* RateInAppstoreViewController.xib in Resources */ = {isa = PBXBuildFile; fileRef = C770C31F2994D3B90053AA19 /* RateInAppstoreViewController.xib */; };
		C770C3262994D4D80053AA19 /* UIKit.framework in Frameworks */ = {isa = PBXBuildFile; fileRef = C770C3252994D4D80053AA19 /* UIKit.framework */; };
		C770C3292994D6400053AA19 /* UIApplicationExtenstion.swift in Sources */ = {isa = PBXBuildFile; fileRef = C770C3282994D6400053AA19 /* UIApplicationExtenstion.swift */; };
		C770C32B2994D6650053AA19 /* NSObjectExtenstion.swift in Sources */ = {isa = PBXBuildFile; fileRef = C770C32A2994D6650053AA19 /* NSObjectExtenstion.swift */; };
		C770C32D2994E2B10053AA19 /* UIViewExtenstion.swift in Sources */ = {isa = PBXBuildFile; fileRef = C770C32C2994E2B10053AA19 /* UIViewExtenstion.swift */; };
		C770C32F2994E4BD0053AA19 /* UIFontExtenstion.swift in Sources */ = {isa = PBXBuildFile; fileRef = C770C32E2994E4BD0053AA19 /* UIFontExtenstion.swift */; };
		C770C33F2994E6270053AA19 /* Heebo-Black.ttf in Resources */ = {isa = PBXBuildFile; fileRef = C770C3382994E6260053AA19 /* Heebo-Black.ttf */; };
		C770C3402994E6270053AA19 /* Heebo-Light.ttf in Resources */ = {isa = PBXBuildFile; fileRef = C770C3392994E6260053AA19 /* Heebo-Light.ttf */; };
		C770C3412994E6270053AA19 /* Heebo-ExtraBold.ttf in Resources */ = {isa = PBXBuildFile; fileRef = C770C33A2994E6260053AA19 /* Heebo-ExtraBold.ttf */; };
		C770C3422994E6270053AA19 /* Heebo-Thin.ttf in Resources */ = {isa = PBXBuildFile; fileRef = C770C33B2994E6270053AA19 /* Heebo-Thin.ttf */; };
		C770C3432994E6270053AA19 /* Heebo-Regular.ttf in Resources */ = {isa = PBXBuildFile; fileRef = C770C33C2994E6270053AA19 /* Heebo-Regular.ttf */; };
		C770C3442994E6270053AA19 /* Heebo-Medium.ttf in Resources */ = {isa = PBXBuildFile; fileRef = C770C33D2994E6270053AA19 /* Heebo-Medium.ttf */; };
		C770C3452994E6270053AA19 /* Heebo-Bold.ttf in Resources */ = {isa = PBXBuildFile; fileRef = C770C33E2994E6270053AA19 /* Heebo-Bold.ttf */; };
		C770C3472994EFA20053AA19 /* star_not_selected.png in Resources */ = {isa = PBXBuildFile; fileRef = C770C3462994EFA20053AA19 /* star_not_selected.png */; };
		C773ECD6299E222D00EA1877 /* UIImageExtenstion.swift in Sources */ = {isa = PBXBuildFile; fileRef = C773ECD5299E222D00EA1877 /* UIImageExtenstion.swift */; };
		C773ECD8299E228300EA1877 /* UIViewControllerExtenstion.swift in Sources */ = {isa = PBXBuildFile; fileRef = C773ECD7299E228300EA1877 /* UIViewControllerExtenstion.swift */; };
		C7883AFC29937FBB009FB2A5 /* ThanksForRatingViewController.xib in Resources */ = {isa = PBXBuildFile; fileRef = C7883AFB29937FBB009FB2A5 /* ThanksForRatingViewController.xib */; };
		C7883AFE29937FCE009FB2A5 /* ThanksForRatingViewController.swift in Sources */ = {isa = PBXBuildFile; fileRef = C7883AFD29937FCE009FB2A5 /* ThanksForRatingViewController.swift */; };
		C7883B04299385A9009FB2A5 /* RateUsViewController.swift in Sources */ = {isa = PBXBuildFile; fileRef = C7883B03299385A9009FB2A5 /* RateUsViewController.swift */; };
		C7883B062993ECBD009FB2A5 /* star_selected.png in Resources */ = {isa = PBXBuildFile; fileRef = C7883B052993ECBD009FB2A5 /* star_selected.png */; };
		C7883B092993ED81009FB2A5 /* subtract.png in Resources */ = {isa = PBXBuildFile; fileRef = C7883B082993ED81009FB2A5 /* subtract.png */; };
		C7883B0C2994C9A3009FB2A5 /* RateUsViewModel.swift in Sources */ = {isa = PBXBuildFile; fileRef = C7883B0B2994C9A3009FB2A5 /* RateUsViewModel.swift */; };
		C7883B0E2994C9B1009FB2A5 /* RateUsModel.swift in Sources */ = {isa = PBXBuildFile; fileRef = C7883B0D2994C9B1009FB2A5 /* RateUsModel.swift */; };
		C7883B122994D34E009FB2A5 /* RateInAppstoreViewController.swift in Sources */ = {isa = PBXBuildFile; fileRef = C7883B102994D34E009FB2A5 /* RateInAppstoreViewController.swift */; };
		C7C9B5F9299BC1DF00ED7694 /* UIButtonExtenstion.swift in Sources */ = {isa = PBXBuildFile; fileRef = C7C9B5F8299BC1DF00ED7694 /* UIButtonExtenstion.swift */; };
		C7F8AF1E299D029800CDE55E /* RateUsViewController.xib in Resources */ = {isa = PBXBuildFile; fileRef = C7F8AF1D299D029800CDE55E /* RateUsViewController.xib */; };
		D1CED0F90AE92E640247EFA4 /* Pods_InManageRatingSDK.framework in Frameworks */ = {isa = PBXBuildFile; fileRef = B070B9F20E514275CC28EFC3 /* Pods_InManageRatingSDK.framework */; };
/* End PBXBuildFile section */

/* Begin PBXFileReference section */
		7CDC34590015C8B30F8F2E67 /* Pods-InManageRatingSDK.debug.xcconfig */ = {isa = PBXFileReference; includeInIndex = 1; lastKnownFileType = text.xcconfig; name = "Pods-InManageRatingSDK.debug.xcconfig"; path = "Target Support Files/Pods-InManageRatingSDK/Pods-InManageRatingSDK.debug.xcconfig"; sourceTree = "<group>"; };
		89D13532B45B875D3D8198B3 /* Pods-InManageRatingSDK.release.xcconfig */ = {isa = PBXFileReference; includeInIndex = 1; lastKnownFileType = text.xcconfig; name = "Pods-InManageRatingSDK.release.xcconfig"; path = "Target Support Files/Pods-InManageRatingSDK/Pods-InManageRatingSDK.release.xcconfig"; sourceTree = "<group>"; };
		B070B9F20E514275CC28EFC3 /* Pods_InManageRatingSDK.framework */ = {isa = PBXFileReference; explicitFileType = wrapper.framework; includeInIndex = 0; path = Pods_InManageRatingSDK.framework; sourceTree = BUILT_PRODUCTS_DIR; };
		C71A126E2B0B89B10004A2EF /* SimplerPro-Bold.ttf */ = {isa = PBXFileReference; lastKnownFileType = file; path = "SimplerPro-Bold.ttf"; sourceTree = "<group>"; };
		C71A126F2B0B89B10004A2EF /* SimplerPro-Regular.ttf */ = {isa = PBXFileReference; lastKnownFileType = file; path = "SimplerPro-Regular.ttf"; sourceTree = "<group>"; };
		C71A12702B0B89B10004A2EF /* SimplerPro-Black.ttf */ = {isa = PBXFileReference; lastKnownFileType = file; path = "SimplerPro-Black.ttf"; sourceTree = "<group>"; };
		C72CDBCA299E601F008D38EE /* RateWithCommentModel.swift */ = {isa = PBXFileReference; lastKnownFileType = sourcecode.swift; path = RateWithCommentModel.swift; sourceTree = "<group>"; };
		C72CDBCB299E601F008D38EE /* RateWithCommentViewModel.swift */ = {isa = PBXFileReference; lastKnownFileType = sourcecode.swift; path = RateWithCommentViewModel.swift; sourceTree = "<group>"; };
		C72CDBCC299E601F008D38EE /* RateWithCommentViewController.swift */ = {isa = PBXFileReference; lastKnownFileType = sourcecode.swift; path = RateWithCommentViewController.swift; sourceTree = "<group>"; };
		C72CDBD2299E603C008D38EE /* RateWithCommentViewController.xib */ = {isa = PBXFileReference; lastKnownFileType = file.xib; path = RateWithCommentViewController.xib; sourceTree = "<group>"; };
		C72CDBD4299E9BEB008D38EE /* UITextViewExtenstion.swift */ = {isa = PBXFileReference; lastKnownFileType = sourcecode.swift; path = UITextViewExtenstion.swift; sourceTree = "<group>"; };
		C72CDBD729A1FD2B008D38EE /* RateUsFields.swift */ = {isa = PBXFileReference; lastKnownFileType = sourcecode.swift; path = RateUsFields.swift; sourceTree = "<group>"; };
		C72CDBD929A1FFFC008D38EE /* RateWithCommentFields.swift */ = {isa = PBXFileReference; lastKnownFileType = sourcecode.swift; path = RateWithCommentFields.swift; sourceTree = "<group>"; };
		C72CDBDB29A20015008D38EE /* ThanksForRatingFields.swift */ = {isa = PBXFileReference; lastKnownFileType = sourcecode.swift; path = ThanksForRatingFields.swift; sourceTree = "<group>"; };
		C72CDBDD29A20020008D38EE /* RateInAppstoreFields.swift */ = {isa = PBXFileReference; lastKnownFileType = sourcecode.swift; path = RateInAppstoreFields.swift; sourceTree = "<group>"; };
		C75CCE21297C62BC00D03264 /* InManageRatingSDK.framework */ = {isa = PBXFileReference; explicitFileType = wrapper.framework; includeInIndex = 0; path = InManageRatingSDK.framework; sourceTree = BUILT_PRODUCTS_DIR; };
		C75CCE24297C62BC00D03264 /* InManageRatingSDK.h */ = {isa = PBXFileReference; lastKnownFileType = sourcecode.c.h; path = InManageRatingSDK.h; sourceTree = "<group>"; };
		C75CCE2C297C641100D03264 /* Info.plist */ = {isa = PBXFileReference; fileEncoding = 4; lastKnownFileType = text.plist.xml; path = Info.plist; sourceTree = "<group>"; };
		C75CCE2E297C674B00D03264 /* InmanageDelegate.swift */ = {isa = PBXFileReference; lastKnownFileType = sourcecode.swift; path = InmanageDelegate.swift; sourceTree = "<group>"; };
		C75CCE30297C679400D03264 /* Constants.swift */ = {isa = PBXFileReference; lastKnownFileType = sourcecode.swift; path = Constants.swift; sourceTree = "<group>"; };
		C75CCE32297C67CD00D03264 /* InManageRating.swift */ = {isa = PBXFileReference; lastKnownFileType = sourcecode.swift; path = InManageRating.swift; sourceTree = "<group>"; };
		C75CCE3A297D234A00D03264 /* XCFrameWork.md */ = {isa = PBXFileReference; lastKnownFileType = net.daringfireball.markdown; path = XCFrameWork.md; sourceTree = "<group>"; };
		C770C31F2994D3B90053AA19 /* RateInAppstoreViewController.xib */ = {isa = PBXFileReference; fileEncoding = 4; lastKnownFileType = file.xib; path = RateInAppstoreViewController.xib; sourceTree = "<group>"; };
		C770C3252994D4D80053AA19 /* UIKit.framework */ = {isa = PBXFileReference; lastKnownFileType = wrapper.framework; name = UIKit.framework; path = System/Library/Frameworks/UIKit.framework; sourceTree = SDKROOT; };
		C770C3282994D6400053AA19 /* UIApplicationExtenstion.swift */ = {isa = PBXFileReference; lastKnownFileType = sourcecode.swift; path = UIApplicationExtenstion.swift; sourceTree = "<group>"; };
		C770C32A2994D6650053AA19 /* NSObjectExtenstion.swift */ = {isa = PBXFileReference; lastKnownFileType = sourcecode.swift; path = NSObjectExtenstion.swift; sourceTree = "<group>"; };
		C770C32C2994E2B10053AA19 /* UIViewExtenstion.swift */ = {isa = PBXFileReference; lastKnownFileType = sourcecode.swift; path = UIViewExtenstion.swift; sourceTree = "<group>"; };
		C770C32E2994E4BD0053AA19 /* UIFontExtenstion.swift */ = {isa = PBXFileReference; lastKnownFileType = sourcecode.swift; path = UIFontExtenstion.swift; sourceTree = "<group>"; };
		C770C3382994E6260053AA19 /* Heebo-Black.ttf */ = {isa = PBXFileReference; lastKnownFileType = file; path = "Heebo-Black.ttf"; sourceTree = "<group>"; };
		C770C3392994E6260053AA19 /* Heebo-Light.ttf */ = {isa = PBXFileReference; lastKnownFileType = file; path = "Heebo-Light.ttf"; sourceTree = "<group>"; };
		C770C33A2994E6260053AA19 /* Heebo-ExtraBold.ttf */ = {isa = PBXFileReference; lastKnownFileType = file; path = "Heebo-ExtraBold.ttf"; sourceTree = "<group>"; };
		C770C33B2994E6270053AA19 /* Heebo-Thin.ttf */ = {isa = PBXFileReference; lastKnownFileType = file; path = "Heebo-Thin.ttf"; sourceTree = "<group>"; };
		C770C33C2994E6270053AA19 /* Heebo-Regular.ttf */ = {isa = PBXFileReference; lastKnownFileType = file; path = "Heebo-Regular.ttf"; sourceTree = "<group>"; };
		C770C33D2994E6270053AA19 /* Heebo-Medium.ttf */ = {isa = PBXFileReference; lastKnownFileType = file; path = "Heebo-Medium.ttf"; sourceTree = "<group>"; };
		C770C33E2994E6270053AA19 /* Heebo-Bold.ttf */ = {isa = PBXFileReference; lastKnownFileType = file; path = "Heebo-Bold.ttf"; sourceTree = "<group>"; };
		C770C3462994EFA20053AA19 /* star_not_selected.png */ = {isa = PBXFileReference; lastKnownFileType = image.png; path = star_not_selected.png; sourceTree = "<group>"; };
		C773ECD5299E222D00EA1877 /* UIImageExtenstion.swift */ = {isa = PBXFileReference; lastKnownFileType = sourcecode.swift; path = UIImageExtenstion.swift; sourceTree = "<group>"; };
		C773ECD7299E228300EA1877 /* UIViewControllerExtenstion.swift */ = {isa = PBXFileReference; lastKnownFileType = sourcecode.swift; path = UIViewControllerExtenstion.swift; sourceTree = "<group>"; };
		C7883AFB29937FBB009FB2A5 /* ThanksForRatingViewController.xib */ = {isa = PBXFileReference; fileEncoding = 4; lastKnownFileType = file.xib; path = ThanksForRatingViewController.xib; sourceTree = "<group>"; };
		C7883AFD29937FCE009FB2A5 /* ThanksForRatingViewController.swift */ = {isa = PBXFileReference; lastKnownFileType = sourcecode.swift; path = ThanksForRatingViewController.swift; sourceTree = "<group>"; };
		C7883B03299385A9009FB2A5 /* RateUsViewController.swift */ = {isa = PBXFileReference; lastKnownFileType = sourcecode.swift; path = RateUsViewController.swift; sourceTree = "<group>"; };
		C7883B052993ECBD009FB2A5 /* star_selected.png */ = {isa = PBXFileReference; lastKnownFileType = image.png; path = star_selected.png; sourceTree = "<group>"; };
		C7883B082993ED81009FB2A5 /* subtract.png */ = {isa = PBXFileReference; lastKnownFileType = image.png; path = subtract.png; sourceTree = "<group>"; };
		C7883B0B2994C9A3009FB2A5 /* RateUsViewModel.swift */ = {isa = PBXFileReference; lastKnownFileType = sourcecode.swift; path = RateUsViewModel.swift; sourceTree = "<group>"; };
		C7883B0D2994C9B1009FB2A5 /* RateUsModel.swift */ = {isa = PBXFileReference; lastKnownFileType = sourcecode.swift; path = RateUsModel.swift; sourceTree = "<group>"; };
		C7883B102994D34E009FB2A5 /* RateInAppstoreViewController.swift */ = {isa = PBXFileReference; lastKnownFileType = sourcecode.swift; path = RateInAppstoreViewController.swift; sourceTree = "<group>"; };
		C7C9B5F8299BC1DF00ED7694 /* UIButtonExtenstion.swift */ = {isa = PBXFileReference; lastKnownFileType = sourcecode.swift; path = UIButtonExtenstion.swift; sourceTree = "<group>"; };
		C7F8AF1D299D029800CDE55E /* RateUsViewController.xib */ = {isa = PBXFileReference; fileEncoding = 4; lastKnownFileType = file.xib; path = RateUsViewController.xib; sourceTree = "<group>"; };
/* End PBXFileReference section */

/* Begin PBXFrameworksBuildPhase section */
		C75CCE1E297C62BC00D03264 /* Frameworks */ = {
			isa = PBXFrameworksBuildPhase;
			buildActionMask = 2147483647;
			files = (
				D1CED0F90AE92E640247EFA4 /* Pods_InManageRatingSDK.framework in Frameworks */,
				C770C3262994D4D80053AA19 /* UIKit.framework in Frameworks */,
			);
			runOnlyForDeploymentPostprocessing = 0;
		};
/* End PBXFrameworksBuildPhase section */

/* Begin PBXGroup section */
		4EDBE4832C6EACA1F6FFB876 /* Frameworks */ = {
			isa = PBXGroup;
			children = (
				C770C3252994D4D80053AA19 /* UIKit.framework */,
				B070B9F20E514275CC28EFC3 /* Pods_InManageRatingSDK.framework */,
			);
			name = Frameworks;
			sourceTree = "<group>";
		};
		C72CDBD629A1FD1E008D38EE /* Object */ = {
			isa = PBXGroup;
			children = (
				C72CDBD729A1FD2B008D38EE /* RateUsFields.swift */,
				C72CDBD929A1FFFC008D38EE /* RateWithCommentFields.swift */,
				C72CDBDB29A20015008D38EE /* ThanksForRatingFields.swift */,
				C72CDBDD29A20020008D38EE /* RateInAppstoreFields.swift */,
			);
			path = Object;
			sourceTree = "<group>";
		};
		C75CCE17297C62BC00D03264 = {
			isa = PBXGroup;
			children = (
				C75CCE23297C62BC00D03264 /* InManageRatingSDK */,
				C75CCE22297C62BC00D03264 /* Products */,
				C7FEC590E85D595167A0AE2E /* Pods */,
				4EDBE4832C6EACA1F6FFB876 /* Frameworks */,
			);
			sourceTree = "<group>";
		};
		C75CCE22297C62BC00D03264 /* Products */ = {
			isa = PBXGroup;
			children = (
				C75CCE21297C62BC00D03264 /* InManageRatingSDK.framework */,
			);
			name = Products;
			sourceTree = "<group>";
		};
		C75CCE23297C62BC00D03264 /* InManageRatingSDK */ = {
			isa = PBXGroup;
			children = (
				C72CDBD629A1FD1E008D38EE /* Object */,
				C770C3272994D6250053AA19 /* Extenstions */,
				C7883B072993ECCA009FB2A5 /* ViewController */,
				C7883AFA29937F6E009FB2A5 /* Resources */,
				C75CCE2C297C641100D03264 /* Info.plist */,
				C75CCE24297C62BC00D03264 /* InManageRatingSDK.h */,
				C75CCE2E297C674B00D03264 /* InmanageDelegate.swift */,
				C75CCE30297C679400D03264 /* Constants.swift */,
				C75CCE32297C67CD00D03264 /* InManageRating.swift */,
				C75CCE3A297D234A00D03264 /* XCFrameWork.md */,
			);
			path = InManageRatingSDK;
			sourceTree = "<group>";
		};
		C770C3212994D3C20053AA19 /* ThanksForRating */ = {
			isa = PBXGroup;
			children = (
				C7883AFD29937FCE009FB2A5 /* ThanksForRatingViewController.swift */,
				C7883AFB29937FBB009FB2A5 /* ThanksForRatingViewController.xib */,
			);
			path = ThanksForRating;
			sourceTree = "<group>";
		};
		C770C3272994D6250053AA19 /* Extenstions */ = {
			isa = PBXGroup;
			children = (
				C770C3282994D6400053AA19 /* UIApplicationExtenstion.swift */,
				C770C32A2994D6650053AA19 /* NSObjectExtenstion.swift */,
				C770C32C2994E2B10053AA19 /* UIViewExtenstion.swift */,
				C770C32E2994E4BD0053AA19 /* UIFontExtenstion.swift */,
				C7C9B5F8299BC1DF00ED7694 /* UIButtonExtenstion.swift */,
				C773ECD5299E222D00EA1877 /* UIImageExtenstion.swift */,
				C773ECD7299E228300EA1877 /* UIViewControllerExtenstion.swift */,
				C72CDBD4299E9BEB008D38EE /* UITextViewExtenstion.swift */,
			);
			path = Extenstions;
			sourceTree = "<group>";
		};
		C7883AFA29937F6E009FB2A5 /* Resources */ = {
			isa = PBXGroup;
			children = (
				C71A12702B0B89B10004A2EF /* SimplerPro-Black.ttf */,
				C71A126E2B0B89B10004A2EF /* SimplerPro-Bold.ttf */,
				C71A126F2B0B89B10004A2EF /* SimplerPro-Regular.ttf */,
				C770C3382994E6260053AA19 /* Heebo-Black.ttf */,
				C770C33E2994E6270053AA19 /* Heebo-Bold.ttf */,
				C770C33A2994E6260053AA19 /* Heebo-ExtraBold.ttf */,
				C770C3392994E6260053AA19 /* Heebo-Light.ttf */,
				C770C33D2994E6270053AA19 /* Heebo-Medium.ttf */,
				C770C33C2994E6270053AA19 /* Heebo-Regular.ttf */,
				C770C33B2994E6270053AA19 /* Heebo-Thin.ttf */,
				C7883B082993ED81009FB2A5 /* subtract.png */,
				C7883B052993ECBD009FB2A5 /* star_selected.png */,
				C770C3462994EFA20053AA19 /* star_not_selected.png */,
			);
			path = Resources;
			sourceTree = "<group>";
		};
		C7883B072993ECCA009FB2A5 /* ViewController */ = {
			isa = PBXGroup;
			children = (
				C7F8AF1F299D02AD00CDE55E /* RateWithComment */,
				C770C3212994D3C20053AA19 /* ThanksForRating */,
				C7883B0F2994D33C009FB2A5 /* RateInAppstore */,
				C7883B0A2994C98A009FB2A5 /* RateUs */,
			);
			path = ViewController;
			sourceTree = "<group>";
		};
		C7883B0A2994C98A009FB2A5 /* RateUs */ = {
			isa = PBXGroup;
			children = (
				C7F8AF1D299D029800CDE55E /* RateUsViewController.xib */,
				C7883B03299385A9009FB2A5 /* RateUsViewController.swift */,
				C7883B0B2994C9A3009FB2A5 /* RateUsViewModel.swift */,
				C7883B0D2994C9B1009FB2A5 /* RateUsModel.swift */,
			);
			path = RateUs;
			sourceTree = "<group>";
		};
		C7883B0F2994D33C009FB2A5 /* RateInAppstore */ = {
			isa = PBXGroup;
			children = (
				C7883B102994D34E009FB2A5 /* RateInAppstoreViewController.swift */,
				C770C31F2994D3B90053AA19 /* RateInAppstoreViewController.xib */,
			);
			path = RateInAppstore;
			sourceTree = "<group>";
		};
		C7F8AF1F299D02AD00CDE55E /* RateWithComment */ = {
			isa = PBXGroup;
			children = (
				C72CDBCA299E601F008D38EE /* RateWithCommentModel.swift */,
				C72CDBCB299E601F008D38EE /* RateWithCommentViewModel.swift */,
				C72CDBCC299E601F008D38EE /* RateWithCommentViewController.swift */,
				C72CDBD2299E603C008D38EE /* RateWithCommentViewController.xib */,
			);
			path = RateWithComment;
			sourceTree = "<group>";
		};
		C7FEC590E85D595167A0AE2E /* Pods */ = {
			isa = PBXGroup;
			children = (
				7CDC34590015C8B30F8F2E67 /* Pods-InManageRatingSDK.debug.xcconfig */,
				89D13532B45B875D3D8198B3 /* Pods-InManageRatingSDK.release.xcconfig */,
			);
			name = Pods;
			path = ../Pods;
			sourceTree = "<group>";
		};
/* End PBXGroup section */

/* Begin PBXHeadersBuildPhase section */
		C75CCE1C297C62BC00D03264 /* Headers */ = {
			isa = PBXHeadersBuildPhase;
			buildActionMask = 2147483647;
			files = (
				C75CCE25297C62BC00D03264 /* InManageRatingSDK.h in Headers */,
			);
			runOnlyForDeploymentPostprocessing = 0;
		};
/* End PBXHeadersBuildPhase section */

/* Begin PBXNativeTarget section */
		C75CCE20297C62BC00D03264 /* InManageRatingSDK */ = {
			isa = PBXNativeTarget;
			buildConfigurationList = C75CCE28297C62BC00D03264 /* Build configuration list for PBXNativeTarget "InManageRatingSDK" */;
			buildPhases = (
				208C08D277B4ABAA08E13529 /* [CP] Check Pods Manifest.lock */,
				C75CCE1C297C62BC00D03264 /* Headers */,
				C75CCE1D297C62BC00D03264 /* Sources */,
				C75CCE1E297C62BC00D03264 /* Frameworks */,
				C75CCE1F297C62BC00D03264 /* Resources */,
			);
			buildRules = (
			);
			dependencies = (
			);
			name = InManageRatingSDK;
			productName = InManageRatingSDK;
			productReference = C75CCE21297C62BC00D03264 /* InManageRatingSDK.framework */;
			productType = "com.apple.product-type.framework";
		};
/* End PBXNativeTarget section */

/* Begin PBXProject section */
		C75CCE18297C62BC00D03264 /* Project object */ = {
			isa = PBXProject;
			attributes = {
				BuildIndependentTargetsInParallel = 1;
				LastUpgradeCheck = 1420;
				TargetAttributes = {
					C75CCE20297C62BC00D03264 = {
						CreatedOnToolsVersion = 14.2;
						LastSwiftMigration = 1420;
					};
				};
			};
			buildConfigurationList = C75CCE1B297C62BC00D03264 /* Build configuration list for PBXProject "InManageRatingSDK" */;
			compatibilityVersion = "Xcode 14.0";
			developmentRegion = en;
			hasScannedForEncodings = 0;
			knownRegions = (
				en,
				Base,
			);
			mainGroup = C75CCE17297C62BC00D03264;
			productRefGroup = C75CCE22297C62BC00D03264 /* Products */;
			projectDirPath = "";
			projectRoot = "";
			targets = (
				C75CCE20297C62BC00D03264 /* InManageRatingSDK */,
			);
		};
/* End PBXProject section */

/* Begin PBXResourcesBuildPhase section */
		C75CCE1F297C62BC00D03264 /* Resources */ = {
			isa = PBXResourcesBuildPhase;
			buildActionMask = 2147483647;
			files = (
				C770C33F2994E6270053AA19 /* Heebo-Black.ttf in Resources */,
				C770C3442994E6270053AA19 /* Heebo-Medium.ttf in Resources */,
				C770C3452994E6270053AA19 /* Heebo-Bold.ttf in Resources */,
				C7F8AF1E299D029800CDE55E /* RateUsViewController.xib in Resources */,
				C72CDBD3299E603C008D38EE /* RateWithCommentViewController.xib in Resources */,
				C7883AFC29937FBB009FB2A5 /* ThanksForRatingViewController.xib in Resources */,
				C770C3202994D3B90053AA19 /* RateInAppstoreViewController.xib in Resources */,
				C770C3412994E6270053AA19 /* Heebo-ExtraBold.ttf in Resources */,
				C770C3432994E6270053AA19 /* Heebo-Regular.ttf in Resources */,
				C770C3422994E6270053AA19 /* Heebo-Thin.ttf in Resources */,
				C71A12722B0B89B90004A2EF /* SimplerPro-Bold.ttf in Resources */,
				C71A12732B0B89BB0004A2EF /* SimplerPro-Black.ttf in Resources */,
				C770C3402994E6270053AA19 /* Heebo-Light.ttf in Resources */,
				C7883B062993ECBD009FB2A5 /* star_selected.png in Resources */,
				C770C3472994EFA20053AA19 /* star_not_selected.png in Resources */,
				C71A12712B0B89B60004A2EF /* SimplerPro-Regular.ttf in Resources */,
				C7883B092993ED81009FB2A5 /* subtract.png in Resources */,
			);
			runOnlyForDeploymentPostprocessing = 0;
		};
/* End PBXResourcesBuildPhase section */

/* Begin PBXShellScriptBuildPhase section */
		208C08D277B4ABAA08E13529 /* [CP] Check Pods Manifest.lock */ = {
			isa = PBXShellScriptBuildPhase;
			buildActionMask = 2147483647;
			files = (
			);
			inputFileListPaths = (
			);
			inputPaths = (
				"${PODS_PODFILE_DIR_PATH}/Podfile.lock",
				"${PODS_ROOT}/Manifest.lock",
			);
			name = "[CP] Check Pods Manifest.lock";
			outputFileListPaths = (
			);
			outputPaths = (
				"$(DERIVED_FILE_DIR)/Pods-InManageRatingSDK-checkManifestLockResult.txt",
			);
			runOnlyForDeploymentPostprocessing = 0;
			shellPath = /bin/sh;
			shellScript = "diff \"${PODS_PODFILE_DIR_PATH}/Podfile.lock\" \"${PODS_ROOT}/Manifest.lock\" > /dev/null\nif [ $? != 0 ] ; then\n    # print error to STDERR\n    echo \"error: The sandbox is not in sync with the Podfile.lock. Run 'pod install' or update your CocoaPods installation.\" >&2\n    exit 1\nfi\n# This output is used by Xcode 'outputs' to avoid re-running this script phase.\necho \"SUCCESS\" > \"${SCRIPT_OUTPUT_FILE_0}\"\n";
			showEnvVarsInLog = 0;
		};
/* End PBXShellScriptBuildPhase section */

/* Begin PBXSourcesBuildPhase section */
		C75CCE1D297C62BC00D03264 /* Sources */ = {
			isa = PBXSourcesBuildPhase;
			buildActionMask = 2147483647;
			files = (
				C72CDBDA29A1FFFC008D38EE /* RateWithCommentFields.swift in Sources */,
				C7883B0C2994C9A3009FB2A5 /* RateUsViewModel.swift in Sources */,
				C72CDBCE299E601F008D38EE /* RateWithCommentModel.swift in Sources */,
				C72CDBD5299E9BEB008D38EE /* UITextViewExtenstion.swift in Sources */,
				C7883B122994D34E009FB2A5 /* RateInAppstoreViewController.swift in Sources */,
				C72CDBD829A1FD2B008D38EE /* RateUsFields.swift in Sources */,
				C770C32B2994D6650053AA19 /* NSObjectExtenstion.swift in Sources */,
				C72CDBD0299E601F008D38EE /* RateWithCommentViewController.swift in Sources */,
				C770C32F2994E4BD0053AA19 /* UIFontExtenstion.swift in Sources */,
				C770C32D2994E2B10053AA19 /* UIViewExtenstion.swift in Sources */,
				C72CDBDE29A20021008D38EE /* RateInAppstoreFields.swift in Sources */,
				C7C9B5F9299BC1DF00ED7694 /* UIButtonExtenstion.swift in Sources */,
				C773ECD8299E228300EA1877 /* UIViewControllerExtenstion.swift in Sources */,
				C7883B04299385A9009FB2A5 /* RateUsViewController.swift in Sources */,
				C75CCE33297C67CD00D03264 /* InManageRating.swift in Sources */,
				C7883B0E2994C9B1009FB2A5 /* RateUsModel.swift in Sources */,
				C75CCE2F297C674B00D03264 /* InmanageDelegate.swift in Sources */,
				C773ECD6299E222D00EA1877 /* UIImageExtenstion.swift in Sources */,
				C72CDBCF299E601F008D38EE /* RateWithCommentViewModel.swift in Sources */,
				C72CDBDC29A20015008D38EE /* ThanksForRatingFields.swift in Sources */,
				C770C3292994D6400053AA19 /* UIApplicationExtenstion.swift in Sources */,
				C7883AFE29937FCE009FB2A5 /* ThanksForRatingViewController.swift in Sources */,
				C75CCE31297C679400D03264 /* Constants.swift in Sources */,
			);
			runOnlyForDeploymentPostprocessing = 0;
		};
/* End PBXSourcesBuildPhase section */

/* Begin XCBuildConfiguration section */
		C75CCE26297C62BC00D03264 /* Debug */ = {
			isa = XCBuildConfiguration;
			buildSettings = {
				ALWAYS_SEARCH_USER_PATHS = NO;
				CLANG_ANALYZER_NONNULL = YES;
				CLANG_ANALYZER_NUMBER_OBJECT_CONVERSION = YES_AGGRESSIVE;
				CLANG_CXX_LANGUAGE_STANDARD = "gnu++20";
				CLANG_ENABLE_MODULES = YES;
				CLANG_ENABLE_OBJC_ARC = YES;
				CLANG_ENABLE_OBJC_WEAK = YES;
				CLANG_WARN_BLOCK_CAPTURE_AUTORELEASING = YES;
				CLANG_WARN_BOOL_CONVERSION = YES;
				CLANG_WARN_COMMA = YES;
				CLANG_WARN_CONSTANT_CONVERSION = YES;
				CLANG_WARN_DEPRECATED_OBJC_IMPLEMENTATIONS = YES;
				CLANG_WARN_DIRECT_OBJC_ISA_USAGE = YES_ERROR;
				CLANG_WARN_DOCUMENTATION_COMMENTS = YES;
				CLANG_WARN_EMPTY_BODY = YES;
				CLANG_WARN_ENUM_CONVERSION = YES;
				CLANG_WARN_INFINITE_RECURSION = YES;
				CLANG_WARN_INT_CONVERSION = YES;
				CLANG_WARN_NON_LITERAL_NULL_CONVERSION = YES;
				CLANG_WARN_OBJC_IMPLICIT_RETAIN_SELF = YES;
				CLANG_WARN_OBJC_LITERAL_CONVERSION = YES;
				CLANG_WARN_OBJC_ROOT_CLASS = YES_ERROR;
				CLANG_WARN_QUOTED_INCLUDE_IN_FRAMEWORK_HEADER = YES;
				CLANG_WARN_RANGE_LOOP_ANALYSIS = YES;
				CLANG_WARN_STRICT_PROTOTYPES = YES;
				CLANG_WARN_SUSPICIOUS_MOVE = YES;
				CLANG_WARN_UNGUARDED_AVAILABILITY = YES_AGGRESSIVE;
				CLANG_WARN_UNREACHABLE_CODE = YES;
				CLANG_WARN__DUPLICATE_METHOD_MATCH = YES;
				COPY_PHASE_STRIP = NO;
				CURRENT_PROJECT_VERSION = 1;
				DEBUG_INFORMATION_FORMAT = dwarf;
				ENABLE_STRICT_OBJC_MSGSEND = YES;
				ENABLE_TESTABILITY = YES;
				GCC_C_LANGUAGE_STANDARD = gnu11;
				GCC_DYNAMIC_NO_PIC = NO;
				GCC_NO_COMMON_BLOCKS = YES;
				GCC_OPTIMIZATION_LEVEL = 0;
				GCC_PREPROCESSOR_DEFINITIONS = (
					"DEBUG=1",
					"$(inherited)",
				);
				GCC_WARN_64_TO_32_BIT_CONVERSION = YES;
				GCC_WARN_ABOUT_RETURN_TYPE = YES_ERROR;
				GCC_WARN_UNDECLARED_SELECTOR = YES;
				GCC_WARN_UNINITIALIZED_AUTOS = YES_AGGRESSIVE;
				GCC_WARN_UNUSED_FUNCTION = YES;
				GCC_WARN_UNUSED_VARIABLE = YES;
				IPHONEOS_DEPLOYMENT_TARGET = 13.0;
				MTL_ENABLE_DEBUG_INFO = INCLUDE_SOURCE;
				MTL_FAST_MATH = YES;
				ONLY_ACTIVE_ARCH = YES;
				SDKROOT = iphoneos;
				SWIFT_ACTIVE_COMPILATION_CONDITIONS = DEBUG;
				SWIFT_OPTIMIZATION_LEVEL = "-Onone";
				VERSIONING_SYSTEM = "apple-generic";
				VERSION_INFO_PREFIX = "";
			};
			name = Debug;
		};
		C75CCE27297C62BC00D03264 /* Release */ = {
			isa = XCBuildConfiguration;
			buildSettings = {
				ALWAYS_SEARCH_USER_PATHS = NO;
				CLANG_ANALYZER_NONNULL = YES;
				CLANG_ANALYZER_NUMBER_OBJECT_CONVERSION = YES_AGGRESSIVE;
				CLANG_CXX_LANGUAGE_STANDARD = "gnu++20";
				CLANG_ENABLE_MODULES = YES;
				CLANG_ENABLE_OBJC_ARC = YES;
				CLANG_ENABLE_OBJC_WEAK = YES;
				CLANG_WARN_BLOCK_CAPTURE_AUTORELEASING = YES;
				CLANG_WARN_BOOL_CONVERSION = YES;
				CLANG_WARN_COMMA = YES;
				CLANG_WARN_CONSTANT_CONVERSION = YES;
				CLANG_WARN_DEPRECATED_OBJC_IMPLEMENTATIONS = YES;
				CLANG_WARN_DIRECT_OBJC_ISA_USAGE = YES_ERROR;
				CLANG_WARN_DOCUMENTATION_COMMENTS = YES;
				CLANG_WARN_EMPTY_BODY = YES;
				CLANG_WARN_ENUM_CONVERSION = YES;
				CLANG_WARN_INFINITE_RECURSION = YES;
				CLANG_WARN_INT_CONVERSION = YES;
				CLANG_WARN_NON_LITERAL_NULL_CONVERSION = YES;
				CLANG_WARN_OBJC_IMPLICIT_RETAIN_SELF = YES;
				CLANG_WARN_OBJC_LITERAL_CONVERSION = YES;
				CLANG_WARN_OBJC_ROOT_CLASS = YES_ERROR;
				CLANG_WARN_QUOTED_INCLUDE_IN_FRAMEWORK_HEADER = YES;
				CLANG_WARN_RANGE_LOOP_ANALYSIS = YES;
				CLANG_WARN_STRICT_PROTOTYPES = YES;
				CLANG_WARN_SUSPICIOUS_MOVE = YES;
				CLANG_WARN_UNGUARDED_AVAILABILITY = YES_AGGRESSIVE;
				CLANG_WARN_UNREACHABLE_CODE = YES;
				CLANG_WARN__DUPLICATE_METHOD_MATCH = YES;
				COPY_PHASE_STRIP = NO;
				CURRENT_PROJECT_VERSION = 1;
				DEBUG_INFORMATION_FORMAT = "dwarf-with-dsym";
				ENABLE_NS_ASSERTIONS = NO;
				ENABLE_STRICT_OBJC_MSGSEND = YES;
				GCC_C_LANGUAGE_STANDARD = gnu11;
				GCC_NO_COMMON_BLOCKS = YES;
				GCC_WARN_64_TO_32_BIT_CONVERSION = YES;
				GCC_WARN_ABOUT_RETURN_TYPE = YES_ERROR;
				GCC_WARN_UNDECLARED_SELECTOR = YES;
				GCC_WARN_UNINITIALIZED_AUTOS = YES_AGGRESSIVE;
				GCC_WARN_UNUSED_FUNCTION = YES;
				GCC_WARN_UNUSED_VARIABLE = YES;
				IPHONEOS_DEPLOYMENT_TARGET = 13.0;
				MTL_ENABLE_DEBUG_INFO = NO;
				MTL_FAST_MATH = YES;
				SDKROOT = iphoneos;
				SWIFT_COMPILATION_MODE = wholemodule;
				SWIFT_OPTIMIZATION_LEVEL = "-O";
				VALIDATE_PRODUCT = YES;
				VERSIONING_SYSTEM = "apple-generic";
				VERSION_INFO_PREFIX = "";
			};
			name = Release;
		};
		C75CCE29297C62BC00D03264 /* Debug */ = {
			isa = XCBuildConfiguration;
			baseConfigurationReference = 7CDC34590015C8B30F8F2E67 /* Pods-InManageRatingSDK.debug.xcconfig */;
			buildSettings = {
				CLANG_ENABLE_MODULES = YES;
				CODE_SIGN_STYLE = Automatic;
				CURRENT_PROJECT_VERSION = 1;
				DEFINES_MODULE = YES;
				DEVELOPMENT_TEAM = ZW9DGWZF4V;
				DYLIB_COMPATIBILITY_VERSION = 1;
				DYLIB_CURRENT_VERSION = 1;
				DYLIB_INSTALL_NAME_BASE = "@rpath";
				GENERATE_INFOPLIST_FILE = YES;
				INFOPLIST_KEY_NSHumanReadableCopyright = "";
				INSTALL_PATH = "$(LOCAL_LIBRARY_DIR)/Frameworks";
				IPHONEOS_DEPLOYMENT_TARGET = 13.0;
				LD_RUNPATH_SEARCH_PATHS = (
					"$(inherited)",
					"@executable_path/Frameworks",
					"@loader_path/Frameworks",
				);
				MARKETING_VERSION = 1.0;
				PRODUCT_BUNDLE_IDENTIFIER = com.inmanage.InManageRatingSDK;
				PRODUCT_NAME = "$(TARGET_NAME:c99extidentifier)";
				SKIP_INSTALL = YES;
				SUPPORTED_PLATFORMS = "iphoneos iphonesimulator";
				SUPPORTS_MACCATALYST = NO;
				SUPPORTS_MAC_DESIGNED_FOR_IPHONE_IPAD = NO;
				SWIFT_EMIT_LOC_STRINGS = YES;
				SWIFT_OPTIMIZATION_LEVEL = "-Onone";
				SWIFT_VERSION = 5.0;
				TARGETED_DEVICE_FAMILY = 1;
			};
			name = Debug;
		};
		C75CCE2A297C62BC00D03264 /* Release */ = {
			isa = XCBuildConfiguration;
			baseConfigurationReference = 89D13532B45B875D3D8198B3 /* Pods-InManageRatingSDK.release.xcconfig */;
			buildSettings = {
				CLANG_ENABLE_MODULES = YES;
				CODE_SIGN_STYLE = Automatic;
				CURRENT_PROJECT_VERSION = 1;
				DEFINES_MODULE = YES;
				DEVELOPMENT_TEAM = ZW9DGWZF4V;
				DYLIB_COMPATIBILITY_VERSION = 1;
				DYLIB_CURRENT_VERSION = 1;
				DYLIB_INSTALL_NAME_BASE = "@rpath";
				GENERATE_INFOPLIST_FILE = YES;
				INFOPLIST_KEY_NSHumanReadableCopyright = "";
				INSTALL_PATH = "$(LOCAL_LIBRARY_DIR)/Frameworks";
				IPHONEOS_DEPLOYMENT_TARGET = 13.0;
				LD_RUNPATH_SEARCH_PATHS = (
					"$(inherited)",
					"@executable_path/Frameworks",
					"@loader_path/Frameworks",
				);
				MARKETING_VERSION = 1.0;
				PRODUCT_BUNDLE_IDENTIFIER = com.inmanage.InManageRatingSDK;
				PRODUCT_NAME = "$(TARGET_NAME:c99extidentifier)";
				SKIP_INSTALL = YES;
				SUPPORTED_PLATFORMS = "iphoneos iphonesimulator";
				SUPPORTS_MACCATALYST = NO;
				SUPPORTS_MAC_DESIGNED_FOR_IPHONE_IPAD = NO;
				SWIFT_EMIT_LOC_STRINGS = YES;
				SWIFT_VERSION = 5.0;
				TARGETED_DEVICE_FAMILY = 1;
			};
			name = Release;
		};
/* End XCBuildConfiguration section */

/* Begin XCConfigurationList section */
		C75CCE1B297C62BC00D03264 /* Build configuration list for PBXProject "InManageRatingSDK" */ = {
			isa = XCConfigurationList;
			buildConfigurations = (
				C75CCE26297C62BC00D03264 /* Debug */,
				C75CCE27297C62BC00D03264 /* Release */,
			);
			defaultConfigurationIsVisible = 0;
			defaultConfigurationName = Release;
		};
		C75CCE28297C62BC00D03264 /* Build configuration list for PBXNativeTarget "InManageRatingSDK" */ = {
			isa = XCConfigurationList;
			buildConfigurations = (
				C75CCE29297C62BC00D03264 /* Debug */,
				C75CCE2A297C62BC00D03264 /* Release */,
			);
			defaultConfigurationIsVisible = 0;
			defaultConfigurationName = Release;
		};
/* End XCConfigurationList section */
	};
	rootObject = C75CCE18297C62BC00D03264 /* Project object */;
}
